
Microsoft Visual Studio Solution File, Format Version 12.00
# Visual Studio 15
VisualStudioVersion = 15.0.28307.2017
MinimumVisualStudioVersion = 10.0.40219.1
Project("{FAE04EC0-301F-11D3-BF4B-00C04F79EFBC}") = "PAYROL_SYSTEM", "PAYROL_SYSTEM\PAYROL_SYSTEM.csproj", "{644620D6-8F56-4C0B-9906-BF98A2168F65}"
EndProject
Global
	GlobalSection(SolutionConfigurationPlatforms) = preSolution
		Debug|Any CPU = Debug|Any CPU
		Release|Any CPU = Release|Any CPU
	EndGlobalSection
	GlobalSection(ProjectConfigurationPlatforms) = postSolution
		{644620D6-8F56-4C0B-9906-BF98A2168F65}.Debug|Any CPU.ActiveCfg = Debug|Any CPU
		{644620D6-8F56-4C0B-9906-BF98A2168F65}.Debug|Any CPU.Build.0 = Debug|Any CPU
		{644620D6-8F56-4C0B-9906-BF98A2168F65}.Release|Any CPU.ActiveCfg = Release|Any CPU
		{644620D6-8F56-4C0B-9906-BF98A2168F65}.Release|Any CPU.Build.0 = Release|Any CPU
	EndGlobalSection
	GlobalSection(SolutionProperties) = preSolution
		HideSolutionNode = FALSE
	EndGlobalSection
	GlobalSection(ExtensibilityGlobals) = postSolution
		SolutionGuid = {22D490FE-ECEF-472C-91E0-D571A4D80DDD}
	EndGlobalSection
EndGlobal
